
Microsoft Visual Studio Solution File, Format Version 11.00
# Visual Studio 2010
Project("{FAE04EC0-301F-11D3-BF4B-00C04F79EFBC}") = "DelegatesExample", "DelegatesExample\DelegatesExample.csproj", "{FADE39EA-2A64-4CDA-862B-138E298C0B5E}"
EndProject
Global
	GlobalSection(SolutionConfigurationPlatforms) = preSolution
		Debug|x86 = Debug|x86
		Release|x86 = Release|x86
	EndGlobalSection
	GlobalSection(ProjectConfigurationPlatforms) = postSolution
		{FADE39EA-2A64-4CDA-862B-138E298C0B5E}.Debug|x86.ActiveCfg = Debug|x86
		{FADE39EA-2A64-4CDA-862B-138E298C0B5E}.Debug|x86.Build.0 = Debug|x86
		{FADE39EA-2A64-4CDA-862B-138E298C0B5E}.Release|x86.ActiveCfg = Release|x86
		{FADE39EA-2A64-4CDA-862B-138E298C0B5E}.Release|x86.Build.0 = Release|x86
	EndGlobalSection
	GlobalSection(MonoDevelopProperties) = preSolution
		StartupItem = DelegatesExample\DelegatesExample.csproj
	EndGlobalSection
EndGlobal
